{
  "name": "MatchupPickerForLoL",
  "lockfileVersion": 3,
  "requires": true,
  "packages": {
    "": {
      "dependencies": {
        "lol-champs": "^1.1.4"
      }
    },
    "node_modules/lol-champs": {
      "version": "1.1.4",
      "resolved": "https://registry.npmjs.org/lol-champs/-/lol-champs-1.1.4.tgz",
      "integrity": "sha512-yVS1h0EJxHoBQwXQ7CrdsH+D3/un6d6L0jWO+q7QLCOnh+Zrwl8h6GwCXRO6ZlIxOA0tEgvTpLSSCf8dgc0pmQ==",
      "dependencies": {
        "unique-random-array": "^1.0.1"
      },
      "engines": {
        "node": ">=6"
      }
    },
    "node_modules/unique-random": {
      "version": "1.0.0",
      "resolved": "https://registry.npmjs.org/unique-random/-/unique-random-1.0.0.tgz",
      "integrity": "sha512-K1sUkPf9EXCZFNIlMCoX4icAqcvkR4FMPH4Z61HbyiWhQl1ZGo0zYeV2bJmocK8Cp6tnKYrCnpkeKGebXZoRTQ==",
      "engines": {
        "node": ">=0.10.0"
      }
    },
    "node_modules/unique-random-array": {
      "version": "1.0.1",
      "resolved": "https://registry.npmjs.org/unique-random-array/-/unique-random-array-1.0.1.tgz",
      "integrity": "sha512-z9J/SV8CUIhIRROcHe9YUoAT6XthUJt0oUyLGgobiXJprDP9O9dsErNevvSaAv5BkhwFEVPn6nIEOKeNE6Ck1Q==",
      "dependencies": {
        "unique-random": "^1.0.0"
      },
      "engines": {
        "node": ">=0.10.0"
      }
    }
  }
}
